{
  "name": "Project",
  "version": "0.1.0",
  "lockfileVersion": 2,
  "requires": true,
  "packages": {
    "": {
      "name": "Project",
      "version": "0.1.0",
      "dependencies": {
        "@rails/actioncable": "^6.0.0",
        "@rails/activestorage": "^6.0.0",
        "@rails/ujs": "^6.0.0",
        "file-upload-with-preview": "^4.1.0",
        "turbolinks": "^5.2.0"
      }
    },
    "node_modules/@rails/actioncable": {
      "version": "6.1.1",
      "resolved": "https://registry.npmjs.org/@rails/actioncable/-/actioncable-6.1.1.tgz",
      "integrity": "sha512-A8toxvSuzK/wX9uMwyV6T1EYzlqzIJNrO8XiNCSNsmKresdX2cbAjxFdMu9haaPJPjl3aC2FKRJeVCUWVtLPAQ=="
    },
    "node_modules/@rails/activestorage": {
      "version": "6.1.1",
      "resolved": "https://registry.npmjs.org/@rails/activestorage/-/activestorage-6.1.1.tgz",
      "integrity": "sha512-eSVffvzY0MrC4bGP6RrqvlHM06HZ1kc/4XM3XkoL8pAObDANREfd9Dstm7mYpsgPLyhtJ96QxYLV27IoFiVTbQ==",
      "dependencies": {
        "spark-md5": "^3.0.0"
      }
    },
    "node_modules/@rails/ujs": {
      "version": "6.1.1",
      "resolved": "https://registry.npmjs.org/@rails/ujs/-/ujs-6.1.1.tgz",
      "integrity": "sha512-uF6zEbXpGkNa7Vvxrd9Yqas8xsbc3lsC733V6I7fXgPuj8xXiuZakdE4uIyQSFRVmZKe12qmC6CNJNtIEvt4bA=="
    },
    "node_modules/file-upload-with-preview": {
      "version": "4.1.0",
      "resolved": "https://registry.npmjs.org/file-upload-with-preview/-/file-upload-with-preview-4.1.0.tgz",
      "integrity": "sha512-teFi/J8fz/jEzeRIU8Y1FE6AdIDTgyQE63SFFslri1YwMFyk2Ne378A+hXJpFUuRo96AewWol58Qp9G8aKIXWQ=="
    },
    "node_modules/spark-md5": {
      "version": "3.0.1",
      "resolved": "https://registry.npmjs.org/spark-md5/-/spark-md5-3.0.1.tgz",
      "integrity": "sha512-0tF3AGSD1ppQeuffsLDIOWlKUd3lS92tFxcsrh5Pe3ZphhnoK+oXIBTzOAThZCiuINZLvpiLH/1VS1/ANEJVig=="
    },
    "node_modules/turbolinks": {
      "version": "5.2.0",
      "resolved": "https://registry.npmjs.org/turbolinks/-/turbolinks-5.2.0.tgz",
      "integrity": "sha512-pMiez3tyBo6uRHFNNZoYMmrES/IaGgMhQQM+VFF36keryjb5ms0XkVpmKHkfW/4Vy96qiGW3K9bz0tF5sK9bBw=="
    }
  },
  "dependencies": {
    "@rails/actioncable": {
      "version": "6.1.1",
      "resolved": "https://registry.npmjs.org/@rails/actioncable/-/actioncable-6.1.1.tgz",
      "integrity": "sha512-A8toxvSuzK/wX9uMwyV6T1EYzlqzIJNrO8XiNCSNsmKresdX2cbAjxFdMu9haaPJPjl3aC2FKRJeVCUWVtLPAQ=="
    },
    "@rails/activestorage": {
      "version": "6.1.1",
      "resolved": "https://registry.npmjs.org/@rails/activestorage/-/activestorage-6.1.1.tgz",
      "integrity": "sha512-eSVffvzY0MrC4bGP6RrqvlHM06HZ1kc/4XM3XkoL8pAObDANREfd9Dstm7mYpsgPLyhtJ96QxYLV27IoFiVTbQ==",
      "requires": {
        "spark-md5": "^3.0.0"
      }
    },
    "@rails/ujs": {
      "version": "6.1.1",
      "resolved": "https://registry.npmjs.org/@rails/ujs/-/ujs-6.1.1.tgz",
      "integrity": "sha512-uF6zEbXpGkNa7Vvxrd9Yqas8xsbc3lsC733V6I7fXgPuj8xXiuZakdE4uIyQSFRVmZKe12qmC6CNJNtIEvt4bA=="
    },
    "file-upload-with-preview": {
      "version": "4.1.0",
      "resolved": "https://registry.npmjs.org/file-upload-with-preview/-/file-upload-with-preview-4.1.0.tgz",
      "integrity": "sha512-teFi/J8fz/jEzeRIU8Y1FE6AdIDTgyQE63SFFslri1YwMFyk2Ne378A+hXJpFUuRo96AewWol58Qp9G8aKIXWQ=="
    },
    "spark-md5": {
      "version": "3.0.1",
      "resolved": "https://registry.npmjs.org/spark-md5/-/spark-md5-3.0.1.tgz",
      "integrity": "sha512-0tF3AGSD1ppQeuffsLDIOWlKUd3lS92tFxcsrh5Pe3ZphhnoK+oXIBTzOAThZCiuINZLvpiLH/1VS1/ANEJVig=="
    },
    "turbolinks": {
      "version": "5.2.0",
      "resolved": "https://registry.npmjs.org/turbolinks/-/turbolinks-5.2.0.tgz",
      "integrity": "sha512-pMiez3tyBo6uRHFNNZoYMmrES/IaGgMhQQM+VFF36keryjb5ms0XkVpmKHkfW/4Vy96qiGW3K9bz0tF5sK9bBw=="
    }
  }
}
